{
  "nodes": {
    "curlio": {
      "inputs": {
        "flake-utils": [
          "flake-utils"
        ],
        "nixpkgs": [
          "nixpkgs-unstable"
        ]
      },
      "locked": {
        "lastModified": 1,
        "narHash": "sha256-N52+mjYjBZZbH6P2DUL+POHfxsmXUsxEBRsbgOW5QfA=",
        "path": "./flakes/curlio",
        "type": "path"
      },
      "original": {
        "path": "./flakes/curlio",
        "type": "path"
      }
    },
    "darwin": {
      "inputs": {
        "nixpkgs": [
          "nixpkgs"
        ]
      },
      "locked": {
        "lastModified": 1741126078,
        "narHash": "sha256-ng0a4cIq3c9E3iGKomlwqKzVYs2RLOzQho2U1Mc2sqU=",
        "owner": "lnl7",
        "repo": "nix-darwin",
        "rev": "c172f50b55b087f8e7801631de977461603bb976",
        "type": "github"
      },
      "original": {
        "owner": "lnl7",
        "ref": "nix-darwin-24.11",
        "repo": "nix-darwin",
        "type": "github"
      }
    },
    "dircolors": {
      "inputs": {
        "dracula-dircolors": "dracula-dircolors",
        "flake-utils": [
          "flake-utils"
        ],
        "nixpkgs": [
          "nixpkgs-unstable"
        ]
      },
      "locked": {
        "lastModified": 1,
        "narHash": "sha256-fgD7kyrGzh0QgQ+5/KJ7bwuImh7m5ivXAMTI9/7MEH4=",
        "path": "./flakes/dircolors",
        "type": "path"
      },
      "original": {
        "path": "./flakes/dircolors",
        "type": "path"
      }
    },
    "dracula-dircolors": {
      "flake": false,
      "locked": {
        "lastModified": 1734716711,
        "narHash": "sha256-PzP+KW01NrlLeo0YQc/Wl+F2rUAtEZsrxjPTNhWyKPA=",
        "owner": "dracula",
        "repo": "dircolors",
        "rev": "4d07e7ef1be615ccd2e91e1aa576a5b90d19a7dc",
        "type": "github"
      },
      "original": {
        "owner": "dracula",
        "repo": "dircolors",
        "type": "github"
      }
    },
    "flake-compat": {
      "flake": false,
      "locked": {
        "lastModified": 1733328505,
        "narHash": "sha256-NeCCThCEP3eCl2l/+27kNNK7QrwZB1IJCrXfrbv5oqU=",
        "owner": "edolstra",
        "repo": "flake-compat",
        "rev": "ff81ac966bb2cae68946d5ed5fc4994f96d0ffec",
        "type": "github"
      },
      "original": {
        "owner": "edolstra",
        "repo": "flake-compat",
        "type": "github"
      }
    },
    "flake-utils": {
      "inputs": {
        "systems": "systems"
      },
      "locked": {
        "lastModified": 1731533236,
        "narHash": "sha256-l0KFg5HjrsfsO/JpG+r7fRrqm12kzFHyUHqHCVpMMbI=",
        "owner": "numtide",
        "repo": "flake-utils",
        "rev": "11707dc2f618dd54ca8739b309ec4fc024de578b",
        "type": "github"
      },
      "original": {
        "owner": "numtide",
        "repo": "flake-utils",
        "type": "github"
      }
    },
    "home-manager": {
      "inputs": {
        "nixpkgs": [
          "nixpkgs"
        ]
      },
      "locked": {
        "lastModified": 1742234739,
        "narHash": "sha256-zFL6zsf/5OztR1NSNQF33dvS1fL/BzVUjabZq4qrtY4=",
        "owner": "nix-community",
        "repo": "home-manager",
        "rev": "f6af7280a3390e65c2ad8fd059cdc303426cbd59",
        "type": "github"
      },
      "original": {
        "owner": "nix-community",
        "ref": "release-24.11",
        "repo": "home-manager",
        "type": "github"
      }
    },
    "nixos-wsl": {
      "inputs": {
        "flake-compat": "flake-compat",
        "nixpkgs": [
          "nixpkgs"
        ]
      },
      "locked": {
        "lastModified": 1742468420,
        "narHash": "sha256-GXa+TXjBhyGjLh1NNQjPRoa0/Uh6xtipYteT+4uj4Z8=",
        "owner": "nix-community",
        "repo": "nixos-wsl",
        "rev": "79934797cad1d2983c0c886981b0faf916ea35ee",
        "type": "github"
      },
      "original": {
        "owner": "nix-community",
        "repo": "nixos-wsl",
        "type": "github"
      }
    },
    "nixpkgs": {
      "locked": {
        "lastModified": 1742388435,
        "narHash": "sha256-GheQGRNYAhHsvPxWVOhAmg9lZKkis22UPbEHlmZMthg=",
        "owner": "nixos",
        "repo": "nixpkgs",
        "rev": "b75693fb46bfaf09e662d09ec076c5a162efa9f6",
        "type": "github"
      },
      "original": {
        "owner": "nixos",
        "ref": "nixos-24.11",
        "repo": "nixpkgs",
        "type": "github"
      }
    },
    "nixpkgs-unstable": {
      "locked": {
        "lastModified": 1742288794,
        "narHash": "sha256-Txwa5uO+qpQXrNG4eumPSD+hHzzYi/CdaM80M9XRLCo=",
        "owner": "nixos",
        "repo": "nixpkgs",
        "rev": "b6eaf97c6960d97350c584de1b6dcff03c9daf42",
        "type": "github"
      },
      "original": {
        "owner": "nixos",
        "ref": "nixos-unstable",
        "repo": "nixpkgs",
        "type": "github"
      }
    },
    "root": {
      "inputs": {
        "curlio": "curlio",
        "darwin": "darwin",
        "dircolors": "dircolors",
        "flake-utils": "flake-utils",
        "home-manager": "home-manager",
        "nixos-wsl": "nixos-wsl",
        "nixpkgs": "nixpkgs",
        "nixpkgs-unstable": "nixpkgs-unstable",
        "spicetify-nix": "spicetify-nix"
      }
    },
    "spicetify-nix": {
      "inputs": {
        "nixpkgs": [
          "nixpkgs-unstable"
        ],
        "systems": "systems_2"
      },
      "locked": {
        "lastModified": 1742098581,
        "narHash": "sha256-c8pnJi/Y8+whPi5aOs5qKshfh4vvRUqczaJIOc6Xdv8=",
        "owner": "gerg-l",
        "repo": "spicetify-nix",
        "rev": "4b285681a73e73c4f961fb69163c0daa36a18d30",
        "type": "github"
      },
      "original": {
        "owner": "gerg-l",
        "repo": "spicetify-nix",
        "type": "github"
      }
    },
    "systems": {
      "locked": {
        "lastModified": 1681028828,
        "narHash": "sha256-Vy1rq5AaRuLzOxct8nz4T6wlgyUR7zLU309k9mBC768=",
        "owner": "nix-systems",
        "repo": "default",
        "rev": "da67096a3b9bf56a91d16901293e51ba5b49a27e",
        "type": "github"
      },
      "original": {
        "owner": "nix-systems",
        "repo": "default",
        "type": "github"
      }
    },
    "systems_2": {
      "locked": {
        "lastModified": 1681028828,
        "narHash": "sha256-Vy1rq5AaRuLzOxct8nz4T6wlgyUR7zLU309k9mBC768=",
        "owner": "nix-systems",
        "repo": "default",
        "rev": "da67096a3b9bf56a91d16901293e51ba5b49a27e",
        "type": "github"
      },
      "original": {
        "owner": "nix-systems",
        "repo": "default",
        "type": "github"
      }
    }
  },
  "root": "root",
  "version": 7
}
